{
  "pins" : [
    {
      "identity" : "localconsole",
      "kind" : "remoteSourceControl",
      "location" : "https://github.com/diyar2137237243/LocalConsole",
      "state" : {
        "branch" : "main",
        "revision" : "2c5d5e018acd4963fe6dfe858f6d6fecef7cbf2f"
      }
    }
  ],
  "version" : 2
}
